Microsoft Visual Studio Solution File, Format Version 11.00
# Visual Studio 2008

Project("{B05F7055-06F9-E487-30A8-216373C84611}") = "CSE165_Final_Project", "Assembly-CSharp-firstpass.csproj", "{EA4D4E63-ADC1-C8CB-D921-206C34905582}"
EndProject
Project("{B05F7055-06F9-E487-30A8-216373C84611}") = "CSE165_Final_Project", "Assembly-CSharp.csproj", "{72882572-8799-A798-69C3-D80F2A4480E9}"
EndProject
Project("{B05F7055-06F9-E487-30A8-216373C84611}") = "CSE165_Final_Project", "Assembly-CSharp-Editor.csproj", "{47D3D005-E4F3-F418-0F79-634F49EF109C}"
EndProject
Global
	GlobalSection(SolutionConfigurationPlatforms) = preSolution
		Debug|Any CPU = Debug|Any CPU
		Release|Any CPU = Release|Any CPU
	EndGlobalSection
	GlobalSection(ProjectConfigurationPlatforms) = postSolution
		{EA4D4E63-ADC1-C8CB-D921-206C34905582}.Debug|Any CPU.ActiveCfg = Debug|Any CPU
		{EA4D4E63-ADC1-C8CB-D921-206C34905582}.Debug|Any CPU.Build.0 = Debug|Any CPU
		{EA4D4E63-ADC1-C8CB-D921-206C34905582}.Release|Any CPU.ActiveCfg = Release|Any CPU
		{EA4D4E63-ADC1-C8CB-D921-206C34905582}.Release|Any CPU.Build.0 = Release|Any CPU
		{72882572-8799-A798-69C3-D80F2A4480E9}.Debug|Any CPU.ActiveCfg = Debug|Any CPU
		{72882572-8799-A798-69C3-D80F2A4480E9}.Debug|Any CPU.Build.0 = Debug|Any CPU
		{72882572-8799-A798-69C3-D80F2A4480E9}.Release|Any CPU.ActiveCfg = Release|Any CPU
		{72882572-8799-A798-69C3-D80F2A4480E9}.Release|Any CPU.Build.0 = Release|Any CPU
		{47D3D005-E4F3-F418-0F79-634F49EF109C}.Debug|Any CPU.ActiveCfg = Debug|Any CPU
		{47D3D005-E4F3-F418-0F79-634F49EF109C}.Debug|Any CPU.Build.0 = Debug|Any CPU
		{47D3D005-E4F3-F418-0F79-634F49EF109C}.Release|Any CPU.ActiveCfg = Release|Any CPU
		{47D3D005-E4F3-F418-0F79-634F49EF109C}.Release|Any CPU.Build.0 = Release|Any CPU
	EndGlobalSection
	GlobalSection(SolutionProperties) = preSolution
		HideSolutionNode = FALSE
	EndGlobalSection
																GlobalSection(MonoDevelopProperties) = preSolution
		StartupItem = Assembly-CSharp.csproj
		Policies = $0
		$0.TextStylePolicy = $1
		$1.inheritsSet = null
		$1.scope = text/x-csharp
		$0.CSharpFormattingPolicy = $2
		$2.inheritsSet = Mono
		$2.inheritsScope = text/x-csharp
		$2.scope = text/x-csharp
		$0.TextStylePolicy = $3
		$3.FileWidth = 120
		$3.TabWidth = 4
		$3.IndentWidth = 4
		$3.EolMarker = Unix
		$3.inheritsSet = Mono
		$3.inheritsScope = text/plain
		$3.scope = text/plain
	EndGlobalSection

EndGlobal
